// !$*UTF8*$!
{
	archiveVersion = 1;
	classes = {
	};
	objectVersion = 55;
	objects = {

/* Begin PBXBuildFile section */
		24EDBB89B47CFEA313DFCC5C /* Pods_Meli_Challenge.framework in Frameworks */ = {isa = PBXBuildFile; fileRef = 0E316F2CD6D5EF573FC2EEF1 /* Pods_Meli_Challenge.framework */; };
		E823F3FC2864C7D30031E608 /* Spinner.swift in Sources */ = {isa = PBXBuildFile; fileRef = E823F3FB2864C7D30031E608 /* Spinner.swift */; };
		E86E01E72858D2FB00AD8296 /* AppDelegate.swift in Sources */ = {isa = PBXBuildFile; fileRef = E86E01E62858D2FB00AD8296 /* AppDelegate.swift */; };
		E86E01E92858D2FB00AD8296 /* SceneDelegate.swift in Sources */ = {isa = PBXBuildFile; fileRef = E86E01E82858D2FB00AD8296 /* SceneDelegate.swift */; };
		E86E01F02858D2FC00AD8296 /* Assets.xcassets in Resources */ = {isa = PBXBuildFile; fileRef = E86E01EF2858D2FC00AD8296 /* Assets.xcassets */; };
		E86E01F32858D2FC00AD8296 /* LaunchScreen.storyboard in Resources */ = {isa = PBXBuildFile; fileRef = E86E01F12858D2FC00AD8296 /* LaunchScreen.storyboard */; };
		E8A91E7E2858FA8200793D91 /* StartViewController.swift in Sources */ = {isa = PBXBuildFile; fileRef = E8A91E7C2858FA8200793D91 /* StartViewController.swift */; };
		E8A91E7F2858FA8200793D91 /* StartViewController.xib in Resources */ = {isa = PBXBuildFile; fileRef = E8A91E7D2858FA8200793D91 /* StartViewController.xib */; };
		E8A91E822858FC4300793D91 /* StartTableViewCell.swift in Sources */ = {isa = PBXBuildFile; fileRef = E8A91E802858FC4300793D91 /* StartTableViewCell.swift */; };
		E8A91E832858FC4300793D91 /* StartTableViewCell.xib in Resources */ = {isa = PBXBuildFile; fileRef = E8A91E812858FC4300793D91 /* StartTableViewCell.xib */; };
		E8A91E862859134800793D91 /* DetailViewController.swift in Sources */ = {isa = PBXBuildFile; fileRef = E8A91E842859134800793D91 /* DetailViewController.swift */; };
		E8A91E872859134800793D91 /* DetailViewController.xib in Resources */ = {isa = PBXBuildFile; fileRef = E8A91E852859134800793D91 /* DetailViewController.xib */; };
		E8A91E89285914F100793D91 /* TabBar.swift in Sources */ = {isa = PBXBuildFile; fileRef = E8A91E88285914F100793D91 /* TabBar.swift */; };
		E8AA349C285B73F200BAB069 /* ApiManager.swift in Sources */ = {isa = PBXBuildFile; fileRef = E8AA349B285B73F200BAB069 /* ApiManager.swift */; };
		E8AA34AB285B810000BAB069 /* StartViewService.swift in Sources */ = {isa = PBXBuildFile; fileRef = E8AA34AA285B810000BAB069 /* StartViewService.swift */; };
		E8AA34AE285B827700BAB069 /* Constants.swift in Sources */ = {isa = PBXBuildFile; fileRef = E8AA34AD285B827700BAB069 /* Constants.swift */; };
		E8AA34B0285B85A200BAB069 /* StartViewModel.swift in Sources */ = {isa = PBXBuildFile; fileRef = E8AA34AF285B85A200BAB069 /* StartViewModel.swift */; };
		E8AA34B2285BB6BA00BAB069 /* SearchTextManager.swift in Sources */ = {isa = PBXBuildFile; fileRef = E8AA34B1285BB6BA00BAB069 /* SearchTextManager.swift */; };
		E8AB6C3C285D106D00BE9482 /* TopTwentyService.swift in Sources */ = {isa = PBXBuildFile; fileRef = E8AB6C3B285D106D00BE9482 /* TopTwentyService.swift */; };
		E8AB6C3E285D232700BE9482 /* ImageExtension.swift in Sources */ = {isa = PBXBuildFile; fileRef = E8AB6C3D285D232700BE9482 /* ImageExtension.swift */; };
		E8AB6C40285D237400BE9482 /* MultiGetService.swift in Sources */ = {isa = PBXBuildFile; fileRef = E8AB6C3F285D237400BE9482 /* MultiGetService.swift */; };
		E8B71FFB2864A03A00EFE841 /* DescriptionService.swift in Sources */ = {isa = PBXBuildFile; fileRef = E8B71FFA2864A03A00EFE841 /* DescriptionService.swift */; };
		E8B71FFD2864A4B500EFE841 /* DescriptionViewModel.swift in Sources */ = {isa = PBXBuildFile; fileRef = E8B71FFC2864A4B500EFE841 /* DescriptionViewModel.swift */; };
		E8B71FFF2864AB6B00EFE841 /* DetailService.swift in Sources */ = {isa = PBXBuildFile; fileRef = E8B71FFE2864AB6B00EFE841 /* DetailService.swift */; };
		E8B720012864ABE300EFE841 /* DetailViewModel.swift in Sources */ = {isa = PBXBuildFile; fileRef = E8B720002864ABE300EFE841 /* DetailViewModel.swift */; };
		E8B720032864B30500EFE841 /* CategoryPreditor.swift in Sources */ = {isa = PBXBuildFile; fileRef = E8B720022864B30500EFE841 /* CategoryPreditor.swift */; };
		E8B720072864B34100EFE841 /* TopTwentyCategory.swift in Sources */ = {isa = PBXBuildFile; fileRef = E8B720062864B34100EFE841 /* TopTwentyCategory.swift */; };
		E8B720092864B37F00EFE841 /* MultiGet.swift in Sources */ = {isa = PBXBuildFile; fileRef = E8B720082864B37F00EFE841 /* MultiGet.swift */; };
		E8B7200B2864B3B000EFE841 /* DescriptionModel.swift in Sources */ = {isa = PBXBuildFile; fileRef = E8B7200A2864B3B000EFE841 /* DescriptionModel.swift */; };
/* End PBXBuildFile section */

/* Begin PBXFileReference section */
		01FA38FABB625FBBCD8557E5 /* Pods-Meli Challenge.debug.xcconfig */ = {isa = PBXFileReference; includeInIndex = 1; lastKnownFileType = text.xcconfig; name = "Pods-Meli Challenge.debug.xcconfig"; path = "Target Support Files/Pods-Meli Challenge/Pods-Meli Challenge.debug.xcconfig"; sourceTree = "<group>"; };
		0E316F2CD6D5EF573FC2EEF1 /* Pods_Meli_Challenge.framework */ = {isa = PBXFileReference; explicitFileType = wrapper.framework; includeInIndex = 0; path = Pods_Meli_Challenge.framework; sourceTree = BUILT_PRODUCTS_DIR; };
		4DEFF31F1C76406584471181 /* Pods-Meli Challenge.release.xcconfig */ = {isa = PBXFileReference; includeInIndex = 1; lastKnownFileType = text.xcconfig; name = "Pods-Meli Challenge.release.xcconfig"; path = "Target Support Files/Pods-Meli Challenge/Pods-Meli Challenge.release.xcconfig"; sourceTree = "<group>"; };
		E823F3FB2864C7D30031E608 /* Spinner.swift */ = {isa = PBXFileReference; lastKnownFileType = sourcecode.swift; path = Spinner.swift; sourceTree = "<group>"; };
		E86E01E32858D2FB00AD8296 /* Meli Challenge.app */ = {isa = PBXFileReference; explicitFileType = wrapper.application; includeInIndex = 0; path = "Meli Challenge.app"; sourceTree = BUILT_PRODUCTS_DIR; };
		E86E01E62858D2FB00AD8296 /* AppDelegate.swift */ = {isa = PBXFileReference; lastKnownFileType = sourcecode.swift; path = AppDelegate.swift; sourceTree = "<group>"; };
		E86E01E82858D2FB00AD8296 /* SceneDelegate.swift */ = {isa = PBXFileReference; lastKnownFileType = sourcecode.swift; path = SceneDelegate.swift; sourceTree = "<group>"; };
		E86E01EF2858D2FC00AD8296 /* Assets.xcassets */ = {isa = PBXFileReference; lastKnownFileType = folder.assetcatalog; path = Assets.xcassets; sourceTree = "<group>"; };
		E86E01F22858D2FC00AD8296 /* Base */ = {isa = PBXFileReference; lastKnownFileType = file.storyboard; name = Base; path = Base.lproj/LaunchScreen.storyboard; sourceTree = "<group>"; };
		E86E01F42858D2FC00AD8296 /* Info.plist */ = {isa = PBXFileReference; lastKnownFileType = text.plist.xml; path = Info.plist; sourceTree = "<group>"; };
		E8A91E7C2858FA8200793D91 /* StartViewController.swift */ = {isa = PBXFileReference; lastKnownFileType = sourcecode.swift; path = StartViewController.swift; sourceTree = "<group>"; };
		E8A91E7D2858FA8200793D91 /* StartViewController.xib */ = {isa = PBXFileReference; lastKnownFileType = file.xib; path = StartViewController.xib; sourceTree = "<group>"; };
		E8A91E802858FC4300793D91 /* StartTableViewCell.swift */ = {isa = PBXFileReference; lastKnownFileType = sourcecode.swift; path = StartTableViewCell.swift; sourceTree = "<group>"; };
		E8A91E812858FC4300793D91 /* StartTableViewCell.xib */ = {isa = PBXFileReference; lastKnownFileType = file.xib; path = StartTableViewCell.xib; sourceTree = "<group>"; };
		E8A91E842859134800793D91 /* DetailViewController.swift */ = {isa = PBXFileReference; lastKnownFileType = sourcecode.swift; path = DetailViewController.swift; sourceTree = "<group>"; };
		E8A91E852859134800793D91 /* DetailViewController.xib */ = {isa = PBXFileReference; lastKnownFileType = file.xib; path = DetailViewController.xib; sourceTree = "<group>"; };
		E8A91E88285914F100793D91 /* TabBar.swift */ = {isa = PBXFileReference; lastKnownFileType = sourcecode.swift; path = TabBar.swift; sourceTree = "<group>"; };
		E8AA349B285B73F200BAB069 /* ApiManager.swift */ = {isa = PBXFileReference; lastKnownFileType = sourcecode.swift; path = ApiManager.swift; sourceTree = "<group>"; };
		E8AA34AA285B810000BAB069 /* StartViewService.swift */ = {isa = PBXFileReference; lastKnownFileType = sourcecode.swift; path = StartViewService.swift; sourceTree = "<group>"; };
		E8AA34AD285B827700BAB069 /* Constants.swift */ = {isa = PBXFileReference; lastKnownFileType = sourcecode.swift; path = Constants.swift; sourceTree = "<group>"; };
		E8AA34AF285B85A200BAB069 /* StartViewModel.swift */ = {isa = PBXFileReference; lastKnownFileType = sourcecode.swift; path = StartViewModel.swift; sourceTree = "<group>"; };
		E8AA34B1285BB6BA00BAB069 /* SearchTextManager.swift */ = {isa = PBXFileReference; lastKnownFileType = sourcecode.swift; path = SearchTextManager.swift; sourceTree = "<group>"; };
		E8AB6C3B285D106D00BE9482 /* TopTwentyService.swift */ = {isa = PBXFileReference; lastKnownFileType = sourcecode.swift; path = TopTwentyService.swift; sourceTree = "<group>"; };
		E8AB6C3D285D232700BE9482 /* ImageExtension.swift */ = {isa = PBXFileReference; lastKnownFileType = sourcecode.swift; path = ImageExtension.swift; sourceTree = "<group>"; };
		E8AB6C3F285D237400BE9482 /* MultiGetService.swift */ = {isa = PBXFileReference; lastKnownFileType = sourcecode.swift; path = MultiGetService.swift; sourceTree = "<group>"; };
		E8B71FFA2864A03A00EFE841 /* DescriptionService.swift */ = {isa = PBXFileReference; lastKnownFileType = sourcecode.swift; path = DescriptionService.swift; sourceTree = "<group>"; };
		E8B71FFC2864A4B500EFE841 /* DescriptionViewModel.swift */ = {isa = PBXFileReference; lastKnownFileType = sourcecode.swift; path = DescriptionViewModel.swift; sourceTree = "<group>"; };
		E8B71FFE2864AB6B00EFE841 /* DetailService.swift */ = {isa = PBXFileReference; lastKnownFileType = sourcecode.swift; path = DetailService.swift; sourceTree = "<group>"; };
		E8B720002864ABE300EFE841 /* DetailViewModel.swift */ = {isa = PBXFileReference; lastKnownFileType = sourcecode.swift; path = DetailViewModel.swift; sourceTree = "<group>"; };
		E8B720022864B30500EFE841 /* CategoryPreditor.swift */ = {isa = PBXFileReference; lastKnownFileType = sourcecode.swift; path = CategoryPreditor.swift; sourceTree = "<group>"; };
		E8B720062864B34100EFE841 /* TopTwentyCategory.swift */ = {isa = PBXFileReference; lastKnownFileType = sourcecode.swift; path = TopTwentyCategory.swift; sourceTree = "<group>"; };
		E8B720082864B37F00EFE841 /* MultiGet.swift */ = {isa = PBXFileReference; lastKnownFileType = sourcecode.swift; path = MultiGet.swift; sourceTree = "<group>"; };
		E8B7200A2864B3B000EFE841 /* DescriptionModel.swift */ = {isa = PBXFileReference; lastKnownFileType = sourcecode.swift; path = DescriptionModel.swift; sourceTree = "<group>"; };
/* End PBXFileReference section */

/* Begin PBXFrameworksBuildPhase section */
		E86E01E02858D2FB00AD8296 /* Frameworks */ = {
			isa = PBXFrameworksBuildPhase;
			buildActionMask = 2147483647;
			files = (
				24EDBB89B47CFEA313DFCC5C /* Pods_Meli_Challenge.framework in Frameworks */,
			);
			runOnlyForDeploymentPostprocessing = 0;
		};
/* End PBXFrameworksBuildPhase section */

/* Begin PBXGroup section */
		18455DA2C14723D3B847D7DA /* Pods */ = {
			isa = PBXGroup;
			children = (
				01FA38FABB625FBBCD8557E5 /* Pods-Meli Challenge.debug.xcconfig */,
				4DEFF31F1C76406584471181 /* Pods-Meli Challenge.release.xcconfig */,
			);
			path = Pods;
			sourceTree = "<group>";
		};
		7BF903C77EBF1A89872548E1 /* Frameworks */ = {
			isa = PBXGroup;
			children = (
				0E316F2CD6D5EF573FC2EEF1 /* Pods_Meli_Challenge.framework */,
			);
			name = Frameworks;
			sourceTree = "<group>";
		};
		E86E01DA2858D2FB00AD8296 = {
			isa = PBXGroup;
			children = (
				E86E01E52858D2FB00AD8296 /* Meli Challenge */,
				E86E01E42858D2FB00AD8296 /* Products */,
				18455DA2C14723D3B847D7DA /* Pods */,
				7BF903C77EBF1A89872548E1 /* Frameworks */,
			);
			sourceTree = "<group>";
		};
		E86E01E42858D2FB00AD8296 /* Products */ = {
			isa = PBXGroup;
			children = (
				E86E01E32858D2FB00AD8296 /* Meli Challenge.app */,
			);
			name = Products;
			sourceTree = "<group>";
		};
		E86E01E52858D2FB00AD8296 /* Meli Challenge */ = {
			isa = PBXGroup;
			children = (
				E86E01E62858D2FB00AD8296 /* AppDelegate.swift */,
				E86E01E82858D2FB00AD8296 /* SceneDelegate.swift */,
				E86E01EF2858D2FC00AD8296 /* Assets.xcassets */,
				E86E01F12858D2FC00AD8296 /* LaunchScreen.storyboard */,
				E8AA349E285B748200BAB069 /* Shared */,
				E8AA349D285B742100BAB069 /* Modules */,
				E86E01F42858D2FC00AD8296 /* Info.plist */,
			);
			path = "Meli Challenge";
			sourceTree = "<group>";
		};
		E8AA349D285B742100BAB069 /* Modules */ = {
			isa = PBXGroup;
			children = (
				E8AA34A9285B803800BAB069 /* DetailView */,
				E8AA34A8285B802400BAB069 /* TabBar */,
				E8AA34A3285B7FC500BAB069 /* StartView */,
			);
			path = Modules;
			sourceTree = "<group>";
		};
		E8AA349E285B748200BAB069 /* Shared */ = {
			isa = PBXGroup;
			children = (
				E8AA34AC285B824E00BAB069 /* Utils */,
				E8AA349F285B7CF800BAB069 /* Model */,
				E8AA34A0285B7D0200BAB069 /* Networking */,
			);
			path = Shared;
			sourceTree = "<group>";
		};
		E8AA349F285B7CF800BAB069 /* Model */ = {
			isa = PBXGroup;
			children = (
				E8B720022864B30500EFE841 /* CategoryPreditor.swift */,
				E8B720062864B34100EFE841 /* TopTwentyCategory.swift */,
				E8B720082864B37F00EFE841 /* MultiGet.swift */,
				E8B7200A2864B3B000EFE841 /* DescriptionModel.swift */,
			);
			path = Model;
			sourceTree = "<group>";
		};
		E8AA34A0285B7D0200BAB069 /* Networking */ = {
			isa = PBXGroup;
			children = (
				E8AA349B285B73F200BAB069 /* ApiManager.swift */,
			);
			path = Networking;
			sourceTree = "<group>";
		};
		E8AA34A3285B7FC500BAB069 /* StartView */ = {
			isa = PBXGroup;
			children = (
				E8AA34A7285B801D00BAB069 /* Service */,
				E8AA34A6285B7FF800BAB069 /* ViewController */,
				E8AA34A5285B7FF300BAB069 /* ViewModel */,
				E8AA34A4285B7FEB00BAB069 /* View */,
			);
			path = StartView;
			sourceTree = "<group>";
		};
		E8AA34A4285B7FEB00BAB069 /* View */ = {
			isa = PBXGroup;
			children = (
				E8A91E7D2858FA8200793D91 /* StartViewController.xib */,
				E8A91E812858FC4300793D91 /* StartTableViewCell.xib */,
			);
			path = View;
			sourceTree = "<group>";
		};
		E8AA34A5285B7FF300BAB069 /* ViewModel */ = {
			isa = PBXGroup;
			children = (
				E8AA34AF285B85A200BAB069 /* StartViewModel.swift */,
				E8B71FFC2864A4B500EFE841 /* DescriptionViewModel.swift */,
				E8B720002864ABE300EFE841 /* DetailViewModel.swift */,
			);
			path = ViewModel;
			sourceTree = "<group>";
		};
		E8AA34A6285B7FF800BAB069 /* ViewController */ = {
			isa = PBXGroup;
			children = (
				E8A91E802858FC4300793D91 /* StartTableViewCell.swift */,
				E8A91E7C2858FA8200793D91 /* StartViewController.swift */,
			);
			path = ViewController;
			sourceTree = "<group>";
		};
		E8AA34A7285B801D00BAB069 /* Service */ = {
			isa = PBXGroup;
			children = (
				E8AA34AA285B810000BAB069 /* StartViewService.swift */,
				E8AB6C3B285D106D00BE9482 /* TopTwentyService.swift */,
				E8AB6C3F285D237400BE9482 /* MultiGetService.swift */,
				E8B71FFA2864A03A00EFE841 /* DescriptionService.swift */,
				E8B71FFE2864AB6B00EFE841 /* DetailService.swift */,
			);
			path = Service;
			sourceTree = "<group>";
		};
		E8AA34A8285B802400BAB069 /* TabBar */ = {
			isa = PBXGroup;
			children = (
				E8A91E88285914F100793D91 /* TabBar.swift */,
			);
			path = TabBar;
			sourceTree = "<group>";
		};
		E8AA34A9285B803800BAB069 /* DetailView */ = {
			isa = PBXGroup;
			children = (
				E8A91E842859134800793D91 /* DetailViewController.swift */,
				E8A91E852859134800793D91 /* DetailViewController.xib */,
			);
			path = DetailView;
			sourceTree = "<group>";
		};
		E8AA34AC285B824E00BAB069 /* Utils */ = {
			isa = PBXGroup;
			children = (
				E8AA34AD285B827700BAB069 /* Constants.swift */,
				E8AA34B1285BB6BA00BAB069 /* SearchTextManager.swift */,
				E8AB6C3D285D232700BE9482 /* ImageExtension.swift */,
				E823F3FB2864C7D30031E608 /* Spinner.swift */,
			);
			path = Utils;
			sourceTree = "<group>";
		};
/* End PBXGroup section */

/* Begin PBXNativeTarget section */
		E86E01E22858D2FB00AD8296 /* Meli Challenge */ = {
			isa = PBXNativeTarget;
			buildConfigurationList = E86E01F72858D2FC00AD8296 /* Build configuration list for PBXNativeTarget "Meli Challenge" */;
			buildPhases = (
				0327ADE83C4D780C049004D8 /* [CP] Check Pods Manifest.lock */,
				E86E01DF2858D2FB00AD8296 /* Sources */,
				E86E01E02858D2FB00AD8296 /* Frameworks */,
				E86E01E12858D2FB00AD8296 /* Resources */,
				4E4B92504DB4B7E43BF80892 /* [CP] Embed Pods Frameworks */,
			);
			buildRules = (
			);
			dependencies = (
			);
			name = "Meli Challenge";
			productName = "Meli Challenge";
			productReference = E86E01E32858D2FB00AD8296 /* Meli Challenge.app */;
			productType = "com.apple.product-type.application";
		};
/* End PBXNativeTarget section */

/* Begin PBXProject section */
		E86E01DB2858D2FB00AD8296 /* Project object */ = {
			isa = PBXProject;
			attributes = {
				BuildIndependentTargetsInParallel = 1;
				LastSwiftUpdateCheck = 1340;
				LastUpgradeCheck = 1340;
				TargetAttributes = {
					E86E01E22858D2FB00AD8296 = {
						CreatedOnToolsVersion = 13.4;
					};
				};
			};
			buildConfigurationList = E86E01DE2858D2FB00AD8296 /* Build configuration list for PBXProject "Meli Challenge" */;
			compatibilityVersion = "Xcode 13.0";
			developmentRegion = en;
			hasScannedForEncodings = 0;
			knownRegions = (
				en,
				Base,
			);
			mainGroup = E86E01DA2858D2FB00AD8296;
			productRefGroup = E86E01E42858D2FB00AD8296 /* Products */;
			projectDirPath = "";
			projectRoot = "";
			targets = (
				E86E01E22858D2FB00AD8296 /* Meli Challenge */,
			);
		};
/* End PBXProject section */

/* Begin PBXResourcesBuildPhase section */
		E86E01E12858D2FB00AD8296 /* Resources */ = {
			isa = PBXResourcesBuildPhase;
			buildActionMask = 2147483647;
			files = (
				E86E01F32858D2FC00AD8296 /* LaunchScreen.storyboard in Resources */,
				E86E01F02858D2FC00AD8296 /* Assets.xcassets in Resources */,
				E8A91E872859134800793D91 /* DetailViewController.xib in Resources */,
				E8A91E832858FC4300793D91 /* StartTableViewCell.xib in Resources */,
				E8A91E7F2858FA8200793D91 /* StartViewController.xib in Resources */,
			);
			runOnlyForDeploymentPostprocessing = 0;
		};
/* End PBXResourcesBuildPhase section */

/* Begin PBXShellScriptBuildPhase section */
		0327ADE83C4D780C049004D8 /* [CP] Check Pods Manifest.lock */ = {
			isa = PBXShellScriptBuildPhase;
			buildActionMask = 2147483647;
			files = (
			);
			inputFileListPaths = (
			);
			inputPaths = (
				"${PODS_PODFILE_DIR_PATH}/Podfile.lock",
				"${PODS_ROOT}/Manifest.lock",
			);
			name = "[CP] Check Pods Manifest.lock";
			outputFileListPaths = (
			);
			outputPaths = (
				"$(DERIVED_FILE_DIR)/Pods-Meli Challenge-checkManifestLockResult.txt",
			);
			runOnlyForDeploymentPostprocessing = 0;
			shellPath = /bin/sh;
			shellScript = "diff \"${PODS_PODFILE_DIR_PATH}/Podfile.lock\" \"${PODS_ROOT}/Manifest.lock\" > /dev/null\nif [ $? != 0 ] ; then\n    # print error to STDERR\n    echo \"error: The sandbox is not in sync with the Podfile.lock. Run 'pod install' or update your CocoaPods installation.\" >&2\n    exit 1\nfi\n# This output is used by Xcode 'outputs' to avoid re-running this script phase.\necho \"SUCCESS\" > \"${SCRIPT_OUTPUT_FILE_0}\"\n";
			showEnvVarsInLog = 0;
		};
		4E4B92504DB4B7E43BF80892 /* [CP] Embed Pods Frameworks */ = {
			isa = PBXShellScriptBuildPhase;
			buildActionMask = 2147483647;
			files = (
			);
			inputFileListPaths = (
				"${PODS_ROOT}/Target Support Files/Pods-Meli Challenge/Pods-Meli Challenge-frameworks-${CONFIGURATION}-input-files.xcfilelist",
			);
			name = "[CP] Embed Pods Frameworks";
			outputFileListPaths = (
				"${PODS_ROOT}/Target Support Files/Pods-Meli Challenge/Pods-Meli Challenge-frameworks-${CONFIGURATION}-output-files.xcfilelist",
			);
			runOnlyForDeploymentPostprocessing = 0;
			shellPath = /bin/sh;
			shellScript = "\"${PODS_ROOT}/Target Support Files/Pods-Meli Challenge/Pods-Meli Challenge-frameworks.sh\"\n";
			showEnvVarsInLog = 0;
		};
/* End PBXShellScriptBuildPhase section */

/* Begin PBXSourcesBuildPhase section */
		E86E01DF2858D2FB00AD8296 /* Sources */ = {
			isa = PBXSourcesBuildPhase;
			buildActionMask = 2147483647;
			files = (
				E8B720072864B34100EFE841 /* TopTwentyCategory.swift in Sources */,
				E8AA34AB285B810000BAB069 /* StartViewService.swift in Sources */,
				E8A91E7E2858FA8200793D91 /* StartViewController.swift in Sources */,
				E86E01E72858D2FB00AD8296 /* AppDelegate.swift in Sources */,
				E8AB6C3E285D232700BE9482 /* ImageExtension.swift in Sources */,
				E8A91E862859134800793D91 /* DetailViewController.swift in Sources */,
				E823F3FC2864C7D30031E608 /* Spinner.swift in Sources */,
				E8B720092864B37F00EFE841 /* MultiGet.swift in Sources */,
				E8AA34B2285BB6BA00BAB069 /* SearchTextManager.swift in Sources */,
				E8AB6C3C285D106D00BE9482 /* TopTwentyService.swift in Sources */,
				E8B720012864ABE300EFE841 /* DetailViewModel.swift in Sources */,
				E8AA349C285B73F200BAB069 /* ApiManager.swift in Sources */,
				E8B71FFB2864A03A00EFE841 /* DescriptionService.swift in Sources */,
				E8AB6C40285D237400BE9482 /* MultiGetService.swift in Sources */,
				E8AA34AE285B827700BAB069 /* Constants.swift in Sources */,
				E8A91E89285914F100793D91 /* TabBar.swift in Sources */,
				E8B71FFF2864AB6B00EFE841 /* DetailService.swift in Sources */,
				E8B71FFD2864A4B500EFE841 /* DescriptionViewModel.swift in Sources */,
				E8B7200B2864B3B000EFE841 /* DescriptionModel.swift in Sources */,
				E86E01E92858D2FB00AD8296 /* SceneDelegate.swift in Sources */,
				E8B720032864B30500EFE841 /* CategoryPreditor.swift in Sources */,
				E8A91E822858FC4300793D91 /* StartTableViewCell.swift in Sources */,
				E8AA34B0285B85A200BAB069 /* StartViewModel.swift in Sources */,
			);
			runOnlyForDeploymentPostprocessing = 0;
		};
/* End PBXSourcesBuildPhase section */

/* Begin PBXVariantGroup section */
		E86E01F12858D2FC00AD8296 /* LaunchScreen.storyboard */ = {
			isa = PBXVariantGroup;
			children = (
				E86E01F22858D2FC00AD8296 /* Base */,
			);
			name = LaunchScreen.storyboard;
			sourceTree = "<group>";
		};
/* End PBXVariantGroup section */

/* Begin XCBuildConfiguration section */
		E86E01F52858D2FC00AD8296 /* Debug */ = {
			isa = XCBuildConfiguration;
			buildSettings = {
				ALWAYS_SEARCH_USER_PATHS = NO;
				CLANG_ANALYZER_NONNULL = YES;
				CLANG_ANALYZER_NUMBER_OBJECT_CONVERSION = YES_AGGRESSIVE;
				CLANG_CXX_LANGUAGE_STANDARD = "gnu++17";
				CLANG_ENABLE_MODULES = YES;
				CLANG_ENABLE_OBJC_ARC = YES;
				CLANG_ENABLE_OBJC_WEAK = YES;
				CLANG_WARN_BLOCK_CAPTURE_AUTORELEASING = YES;
				CLANG_WARN_BOOL_CONVERSION = YES;
				CLANG_WARN_COMMA = YES;
				CLANG_WARN_CONSTANT_CONVERSION = YES;
				CLANG_WARN_DEPRECATED_OBJC_IMPLEMENTATIONS = YES;
				CLANG_WARN_DIRECT_OBJC_ISA_USAGE = YES_ERROR;
				CLANG_WARN_DOCUMENTATION_COMMENTS = YES;
				CLANG_WARN_EMPTY_BODY = YES;
				CLANG_WARN_ENUM_CONVERSION = YES;
				CLANG_WARN_INFINITE_RECURSION = YES;
				CLANG_WARN_INT_CONVERSION = YES;
				CLANG_WARN_NON_LITERAL_NULL_CONVERSION = YES;
				CLANG_WARN_OBJC_IMPLICIT_RETAIN_SELF = YES;
				CLANG_WARN_OBJC_LITERAL_CONVERSION = YES;
				CLANG_WARN_OBJC_ROOT_CLASS = YES_ERROR;
				CLANG_WARN_QUOTED_INCLUDE_IN_FRAMEWORK_HEADER = YES;
				CLANG_WARN_RANGE_LOOP_ANALYSIS = YES;
				CLANG_WARN_STRICT_PROTOTYPES = YES;
				CLANG_WARN_SUSPICIOUS_MOVE = YES;
				CLANG_WARN_UNGUARDED_AVAILABILITY = YES_AGGRESSIVE;
				CLANG_WARN_UNREACHABLE_CODE = YES;
				CLANG_WARN__DUPLICATE_METHOD_MATCH = YES;
				COPY_PHASE_STRIP = NO;
				DEBUG_INFORMATION_FORMAT = dwarf;
				ENABLE_STRICT_OBJC_MSGSEND = YES;
				ENABLE_TESTABILITY = YES;
				GCC_C_LANGUAGE_STANDARD = gnu11;
				GCC_DYNAMIC_NO_PIC = NO;
				GCC_NO_COMMON_BLOCKS = YES;
				GCC_OPTIMIZATION_LEVEL = 0;
				GCC_PREPROCESSOR_DEFINITIONS = (
					"DEBUG=1",
					"$(inherited)",
				);
				GCC_WARN_64_TO_32_BIT_CONVERSION = YES;
				GCC_WARN_ABOUT_RETURN_TYPE = YES_ERROR;
				GCC_WARN_UNDECLARED_SELECTOR = YES;
				GCC_WARN_UNINITIALIZED_AUTOS = YES_AGGRESSIVE;
				GCC_WARN_UNUSED_FUNCTION = YES;
				GCC_WARN_UNUSED_VARIABLE = YES;
				IPHONEOS_DEPLOYMENT_TARGET = 15.5;
				MTL_ENABLE_DEBUG_INFO = INCLUDE_SOURCE;
				MTL_FAST_MATH = YES;
				ONLY_ACTIVE_ARCH = YES;
				SDKROOT = iphoneos;
				SWIFT_ACTIVE_COMPILATION_CONDITIONS = DEBUG;
				SWIFT_OPTIMIZATION_LEVEL = "-Onone";
			};
			name = Debug;
		};
		E86E01F62858D2FC00AD8296 /* Release */ = {
			isa = XCBuildConfiguration;
			buildSettings = {
				ALWAYS_SEARCH_USER_PATHS = NO;
				CLANG_ANALYZER_NONNULL = YES;
				CLANG_ANALYZER_NUMBER_OBJECT_CONVERSION = YES_AGGRESSIVE;
				CLANG_CXX_LANGUAGE_STANDARD = "gnu++17";
				CLANG_ENABLE_MODULES = YES;
				CLANG_ENABLE_OBJC_ARC = YES;
				CLANG_ENABLE_OBJC_WEAK = YES;
				CLANG_WARN_BLOCK_CAPTURE_AUTORELEASING = YES;
				CLANG_WARN_BOOL_CONVERSION = YES;
				CLANG_WARN_COMMA = YES;
				CLANG_WARN_CONSTANT_CONVERSION = YES;
				CLANG_WARN_DEPRECATED_OBJC_IMPLEMENTATIONS = YES;
				CLANG_WARN_DIRECT_OBJC_ISA_USAGE = YES_ERROR;
				CLANG_WARN_DOCUMENTATION_COMMENTS = YES;
				CLANG_WARN_EMPTY_BODY = YES;
				CLANG_WARN_ENUM_CONVERSION = YES;
				CLANG_WARN_INFINITE_RECURSION = YES;
				CLANG_WARN_INT_CONVERSION = YES;
				CLANG_WARN_NON_LITERAL_NULL_CONVERSION = YES;
				CLANG_WARN_OBJC_IMPLICIT_RETAIN_SELF = YES;
				CLANG_WARN_OBJC_LITERAL_CONVERSION = YES;
				CLANG_WARN_OBJC_ROOT_CLASS = YES_ERROR;
				CLANG_WARN_QUOTED_INCLUDE_IN_FRAMEWORK_HEADER = YES;
				CLANG_WARN_RANGE_LOOP_ANALYSIS = YES;
				CLANG_WARN_STRICT_PROTOTYPES = YES;
				CLANG_WARN_SUSPICIOUS_MOVE = YES;
				CLANG_WARN_UNGUARDED_AVAILABILITY = YES_AGGRESSIVE;
				CLANG_WARN_UNREACHABLE_CODE = YES;
				CLANG_WARN__DUPLICATE_METHOD_MATCH = YES;
				COPY_PHASE_STRIP = NO;
				DEBUG_INFORMATION_FORMAT = "dwarf-with-dsym";
				ENABLE_NS_ASSERTIONS = NO;
				ENABLE_STRICT_OBJC_MSGSEND = YES;
				GCC_C_LANGUAGE_STANDARD = gnu11;
				GCC_NO_COMMON_BLOCKS = YES;
				GCC_WARN_64_TO_32_BIT_CONVERSION = YES;
				GCC_WARN_ABOUT_RETURN_TYPE = YES_ERROR;
				GCC_WARN_UNDECLARED_SELECTOR = YES;
				GCC_WARN_UNINITIALIZED_AUTOS = YES_AGGRESSIVE;
				GCC_WARN_UNUSED_FUNCTION = YES;
				GCC_WARN_UNUSED_VARIABLE = YES;
				IPHONEOS_DEPLOYMENT_TARGET = 15.5;
				MTL_ENABLE_DEBUG_INFO = NO;
				MTL_FAST_MATH = YES;
				SDKROOT = iphoneos;
				SWIFT_COMPILATION_MODE = wholemodule;
				SWIFT_OPTIMIZATION_LEVEL = "-O";
				VALIDATE_PRODUCT = YES;
			};
			name = Release;
		};
		E86E01F82858D2FC00AD8296 /* Debug */ = {
			isa = XCBuildConfiguration;
			baseConfigurationReference = 01FA38FABB625FBBCD8557E5 /* Pods-Meli Challenge.debug.xcconfig */;
			buildSettings = {
				ASSETCATALOG_COMPILER_APPICON_NAME = AppIcon;
				ASSETCATALOG_COMPILER_GLOBAL_ACCENT_COLOR_NAME = AccentColor;
				CODE_SIGN_STYLE = Automatic;
				CURRENT_PROJECT_VERSION = 1;
				GENERATE_INFOPLIST_FILE = YES;
				INFOPLIST_FILE = "Meli Challenge/Info.plist";
				INFOPLIST_KEY_NSMainNibFile = StartViewController;
				INFOPLIST_KEY_UIApplicationSupportsIndirectInputEvents = YES;
				INFOPLIST_KEY_UILaunchStoryboardName = LaunchScreen;
				INFOPLIST_KEY_UISupportedInterfaceOrientations_iPad = "UIInterfaceOrientationPortrait UIInterfaceOrientationPortraitUpsideDown UIInterfaceOrientationLandscapeLeft UIInterfaceOrientationLandscapeRight";
				INFOPLIST_KEY_UISupportedInterfaceOrientations_iPhone = "UIInterfaceOrientationPortrait UIInterfaceOrientationLandscapeLeft UIInterfaceOrientationLandscapeRight";
				LD_RUNPATH_SEARCH_PATHS = (
					"$(inherited)",
					"@executable_path/Frameworks",
				);
				MARKETING_VERSION = 1.0;
				PRODUCT_BUNDLE_IDENTIFIER = "Meli.Meli-Challenge";
				PRODUCT_NAME = "$(TARGET_NAME)";
				SWIFT_EMIT_LOC_STRINGS = YES;
				SWIFT_VERSION = 5.0;
				TARGETED_DEVICE_FAMILY = "1,2";
			};
			name = Debug;
		};
		E86E01F92858D2FC00AD8296 /* Release */ = {
			isa = XCBuildConfiguration;
			baseConfigurationReference = 4DEFF31F1C76406584471181 /* Pods-Meli Challenge.release.xcconfig */;
			buildSettings = {
				ASSETCATALOG_COMPILER_APPICON_NAME = AppIcon;
				ASSETCATALOG_COMPILER_GLOBAL_ACCENT_COLOR_NAME = AccentColor;
				CODE_SIGN_STYLE = Automatic;
				CURRENT_PROJECT_VERSION = 1;
				GENERATE_INFOPLIST_FILE = YES;
				INFOPLIST_FILE = "Meli Challenge/Info.plist";
				INFOPLIST_KEY_NSMainNibFile = StartViewController;
				INFOPLIST_KEY_UIApplicationSupportsIndirectInputEvents = YES;
				INFOPLIST_KEY_UILaunchStoryboardName = LaunchScreen;
				INFOPLIST_KEY_UISupportedInterfaceOrientations_iPad = "UIInterfaceOrientationPortrait UIInterfaceOrientationPortraitUpsideDown UIInterfaceOrientationLandscapeLeft UIInterfaceOrientationLandscapeRight";
				INFOPLIST_KEY_UISupportedInterfaceOrientations_iPhone = "UIInterfaceOrientationPortrait UIInterfaceOrientationLandscapeLeft UIInterfaceOrientationLandscapeRight";
				LD_RUNPATH_SEARCH_PATHS = (
					"$(inherited)",
					"@executable_path/Frameworks",
				);
				MARKETING_VERSION = 1.0;
				PRODUCT_BUNDLE_IDENTIFIER = "Meli.Meli-Challenge";
				PRODUCT_NAME = "$(TARGET_NAME)";
				SWIFT_EMIT_LOC_STRINGS = YES;
				SWIFT_VERSION = 5.0;
				TARGETED_DEVICE_FAMILY = "1,2";
			};
			name = Release;
		};
/* End XCBuildConfiguration section */

/* Begin XCConfigurationList section */
		E86E01DE2858D2FB00AD8296 /* Build configuration list for PBXProject "Meli Challenge" */ = {
			isa = XCConfigurationList;
			buildConfigurations = (
				E86E01F52858D2FC00AD8296 /* Debug */,
				E86E01F62858D2FC00AD8296 /* Release */,
			);
			defaultConfigurationIsVisible = 0;
			defaultConfigurationName = Release;
		};
		E86E01F72858D2FC00AD8296 /* Build configuration list for PBXNativeTarget "Meli Challenge" */ = {
			isa = XCConfigurationList;
			buildConfigurations = (
				E86E01F82858D2FC00AD8296 /* Debug */,
				E86E01F92858D2FC00AD8296 /* Release */,
			);
			defaultConfigurationIsVisible = 0;
			defaultConfigurationName = Release;
		};
/* End XCConfigurationList section */
	};
	rootObject = E86E01DB2858D2FB00AD8296 /* Project object */;
}
